
Microsoft Visual Studio Solution File, Format Version 12.00
# Visual Studio Version 17
VisualStudioVersion = 17.3.32929.385
MinimumVisualStudioVersion = 10.0.40219.1
Project("{FAE04EC0-301F-11D3-BF4B-00C04F79EFBC}") = "csharp-ecommerce-db", "csharp-ecommerce-db.csproj", "{F236CA08-1A35-4A75-8B36-1F989EB9FF54}"
EndProject
Global
	GlobalSection(SolutionConfigurationPlatforms) = preSolution
		Debug|Any CPU = Debug|Any CPU
		Release|Any CPU = Release|Any CPU
	EndGlobalSection
	GlobalSection(ProjectConfigurationPlatforms) = postSolution
		{F236CA08-1A35-4A75-8B36-1F989EB9FF54}.Debug|Any CPU.ActiveCfg = Debug|Any CPU
		{F236CA08-1A35-4A75-8B36-1F989EB9FF54}.Debug|Any CPU.Build.0 = Debug|Any CPU
		{F236CA08-1A35-4A75-8B36-1F989EB9FF54}.Release|Any CPU.ActiveCfg = Release|Any CPU
		{F236CA08-1A35-4A75-8B36-1F989EB9FF54}.Release|Any CPU.Build.0 = Release|Any CPU
	EndGlobalSection
	GlobalSection(SolutionProperties) = preSolution
		HideSolutionNode = FALSE
	EndGlobalSection
	GlobalSection(ExtensibilityGlobals) = postSolution
		SolutionGuid = {B437C37D-3F4A-4040-AB24-928467E5D660}
	EndGlobalSection
EndGlobal
